
Microsoft Visual Studio Solution File, Format Version 12.00
# Visual Studio Version 17
VisualStudioVersion = 17.11.35327.3
MinimumVisualStudioVersion = 10.0.40219.1
Project("{FAE04EC0-301F-11D3-BF4B-00C04F79EFBC}") = "TurneroApp", "TurneroApp\TurneroApp.csproj", "{B5A91F35-C7D1-487B-93A7-B09F30BC25B4}"
EndProject
Global
	GlobalSection(SolutionConfigurationPlatforms) = preSolution
		Debug|Any CPU = Debug|Any CPU
		Release|Any CPU = Release|Any CPU
	EndGlobalSection
	GlobalSection(ProjectConfigurationPlatforms) = postSolution
		{B5A91F35-C7D1-487B-93A7-B09F30BC25B4}.Debug|Any CPU.ActiveCfg = Debug|Any CPU
		{B5A91F35-C7D1-487B-93A7-B09F30BC25B4}.Debug|Any CPU.Build.0 = Debug|Any CPU
		{B5A91F35-C7D1-487B-93A7-B09F30BC25B4}.Debug|Any CPU.Deploy.0 = Debug|Any CPU
		{B5A91F35-C7D1-487B-93A7-B09F30BC25B4}.Release|Any CPU.ActiveCfg = Release|Any CPU
		{B5A91F35-C7D1-487B-93A7-B09F30BC25B4}.Release|Any CPU.Build.0 = Release|Any CPU
		{B5A91F35-C7D1-487B-93A7-B09F30BC25B4}.Release|Any CPU.Deploy.0 = Release|Any CPU
	EndGlobalSection
	GlobalSection(SolutionProperties) = preSolution
		HideSolutionNode = FALSE
	EndGlobalSection
	GlobalSection(ExtensibilityGlobals) = postSolution
		SolutionGuid = {EB52D608-E6EC-40D1-9653-419F75C07E57}
	EndGlobalSection
EndGlobal
